
Microsoft Visual Studio Solution File, Format Version 12.00
# Visual Studio Version 17
VisualStudioVersion = 17.7.34024.191
MinimumVisualStudioVersion = 10.0.40219.1
Project("{FAE04EC0-301F-11D3-BF4B-00C04F79EFBC}") = "IT481_Unit9Assignment", "IT481_Unit9Assignment\IT481_Unit9Assignment.csproj", "{72F7BBF3-5907-4AC3-B97A-21F5FBA336DF}"
EndProject
Global
	GlobalSection(SolutionConfigurationPlatforms) = preSolution
		Debug|Any CPU = Debug|Any CPU
		Release|Any CPU = Release|Any CPU
	EndGlobalSection
	GlobalSection(ProjectConfigurationPlatforms) = postSolution
		{72F7BBF3-5907-4AC3-B97A-21F5FBA336DF}.Debug|Any CPU.ActiveCfg = Debug|Any CPU
		{72F7BBF3-5907-4AC3-B97A-21F5FBA336DF}.Debug|Any CPU.Build.0 = Debug|Any CPU
		{72F7BBF3-5907-4AC3-B97A-21F5FBA336DF}.Release|Any CPU.ActiveCfg = Release|Any CPU
		{72F7BBF3-5907-4AC3-B97A-21F5FBA336DF}.Release|Any CPU.Build.0 = Release|Any CPU
	EndGlobalSection
	GlobalSection(SolutionProperties) = preSolution
		HideSolutionNode = FALSE
	EndGlobalSection
	GlobalSection(ExtensibilityGlobals) = postSolution
		SolutionGuid = {06FF687B-C3E1-4C71-9DED-812EE0B21C57}
	EndGlobalSection
EndGlobal
